PODS:
  - AMPopTip (3.5.0)
  - BetterSegmentedControl (1.0.1)
  - BubbleTransition (3.0.2)
  - Charts (3.2.1):
    - Charts/Core (= 3.2.1)
  - Charts/Core (3.2.1)
  - Firebase/Auth (5.3.0):
    - Firebase/CoreOnly
    - FirebaseAuth (= 5.0.1)
  - Firebase/Core (5.3.0):
    - Firebase/CoreOnly
    - FirebaseAnalytics (= 5.0.1)
  - Firebase/CoreOnly (5.3.0):
    - FirebaseCore (= 5.0.4)
  - Firebase/Database (5.3.0):
    - Firebase/CoreOnly
    - FirebaseDatabase (= 5.0.1)
  - Firebase/RemoteConfig (5.3.0):
    - Firebase/Core
    - FirebaseRemoteConfig (= 3.0.0)
  - Firebase/Storage (5.3.0):
    - Firebase/CoreOnly
    - FirebaseStorage (= 3.0.0)
  - FirebaseABTesting (2.0.0):
    - FirebaseCore (~> 5.0)
    - Protobuf (~> 3.5)
  - FirebaseAnalytics (5.0.1):
    - FirebaseCore (~> 5.0)
    - FirebaseInstanceID (~> 3.0)
    - "GoogleToolboxForMac/NSData+zlib (~> 2.1)"
    - nanopb (~> 0.3)
  - FirebaseAuth (5.0.1):
    - FirebaseCore (~> 5.0)
    - GTMSessionFetcher/Core (~> 1.1)
  - FirebaseCore (5.0.4):
    - "GoogleToolboxForMac/NSData+zlib (~> 2.1)"
  - FirebaseDatabase (5.0.1):
    - FirebaseCore (~> 5.0)
    - leveldb-library (~> 1.18)
  - FirebaseInstanceID (3.1.1):
    - FirebaseCore (~> 5.0)
  - FirebaseRemoteConfig (3.0.0):
    - FirebaseABTesting (~> 2.0)
    - FirebaseAnalytics (~> 5.0)
    - FirebaseCore (~> 5.0)
    - FirebaseInstanceID (~> 3.0)
    - "GoogleToolboxForMac/NSData+zlib (~> 2.1)"
    - Protobuf (~> 3.5)
  - FirebaseStorage (3.0.0):
    - FirebaseCore (~> 5.0)
    - GTMSessionFetcher/Core (~> 1.1)
  - GoogleToolboxForMac/Defines (2.1.4)
  - "GoogleToolboxForMac/NSData+zlib (2.1.4)":
    - GoogleToolboxForMac/Defines (= 2.1.4)
  - GTMSessionFetcher/Core (1.1.15)
  - leveldb-library (1.20)
  - MarqueeLabel/Swift (3.2.0)
  - nanopb (0.3.8):
    - nanopb/decode (= 0.3.8)
    - nanopb/encode (= 0.3.8)
  - nanopb/decode (0.3.8)
  - nanopb/encode (0.3.8)
  - NotificationBannerSwift (1.8.0):
    - MarqueeLabel/Swift (~> 3.2.0)
    - SnapKit (~> 4.0.1)
  - NVActivityIndicatorView (4.4.0):
    - NVActivityIndicatorView/Presenter (= 4.4.0)
  - NVActivityIndicatorView/Presenter (4.4.0)
  - Protobuf (3.6.0)
  - SkyFloatingLabelTextField (3.6.0)
  - SnapKit (4.0.1)
  - SwiftDate (5.0.4)

DEPENDENCIES:
  - AMPopTip (= 3.5.0)
  - BetterSegmentedControl (= 1.0.1)
  - BubbleTransition (= 3.0.2)
  - Charts (= 3.2.1)
  - Firebase/Auth (= 5.3.0)
  - Firebase/Core (= 5.3.0)
  - Firebase/Database (= 5.3.0)
  - Firebase/RemoteConfig (= 5.3.0)
  - Firebase/Storage (= 5.3.0)
  - NotificationBannerSwift (= 1.8.0)
  - NVActivityIndicatorView (= 4.4.0)
  - SkyFloatingLabelTextField (= 3.6.0)
  - SwiftDate (= 5.0.4)

SPEC REPOS:
  https://github.com/cocoapods/specs.git:
    - AMPopTip
    - BetterSegmentedControl
    - BubbleTransition
    - Charts
    - Firebase
    - FirebaseABTesting
    - FirebaseAnalytics
    - FirebaseAuth
    - FirebaseCore
    - FirebaseDatabase
    - FirebaseInstanceID
    - FirebaseRemoteConfig
    - FirebaseStorage
    - GoogleToolboxForMac
    - GTMSessionFetcher
    - leveldb-library
    - MarqueeLabel
    - nanopb
    - NotificationBannerSwift
    - NVActivityIndicatorView
    - Protobuf
    - SkyFloatingLabelTextField
    - SnapKit
    - SwiftDate

SPEC CHECKSUMS:
  AMPopTip: 871ae0570b68fe396e714922b3f7d8ed6a36bb71
  BetterSegmentedControl: 8cac1f243b5cc747f44c9da655c975d5322243fa
  BubbleTransition: 6bdf7d8af460b5c3696beb0adbf4bcb17176ee11
  Charts: f122fb70b19847fa5817d018b77d6c5a2296ab25
  Firebase: 68afeeb05461db02d7c9e3215cda28068670f4aa
  FirebaseABTesting: 1f50b8d50f5e3469eea54e7463a7b7fe221d1f5e
  FirebaseAnalytics: b3628aea54c50464c32c393fb2ea032566e7ecc2
  FirebaseAuth: 463b8ce33bd5d05f706dcd4615499e3212b4132b
  FirebaseCore: 62f1b792a49bb9e8b4073f24606d2c93ffc352f0
  FirebaseDatabase: 482bad9c2abd422bb2321194fb8c937e67426a89
  FirebaseInstanceID: f3f0657372592ecdfdfe2cac604a5a75758376a6
  FirebaseRemoteConfig: 3c57e4644bd6976b671ae0b725cd709f198bd1f5
  FirebaseStorage: 7ca4bb7b58a25fa647b04f524033fc7cb7eb272b
  GoogleToolboxForMac: 91c824d21e85b31c2aae9bb011c5027c9b4e738f
  GTMSessionFetcher: 5fa5b80fd20e439ef5f545fb2cb3ca6c6714caa2
  leveldb-library: 08cba283675b7ed2d99629a4bc5fd052cd2bb6a5
  MarqueeLabel: 440a502b91a9179bd98f9fff00ba1150650a1c0e
  nanopb: 5601e6bca2dbf1ed831b519092ec110f66982ca3
  NotificationBannerSwift: 49fc4be7fabada55b189b50e72184c92edd5f7f7
  NVActivityIndicatorView: ec7440a57af2450319d3a4181cca7da6fc127064
  Protobuf: 0fc0ad8bec688b2a3017a139953e01374fedbd5f
  SkyFloatingLabelTextField: 38164979b79512f9ff9288ad8acfc4bbf5d843e3
  SnapKit: 0de968a9fec17499afa29683b05d0c775b6d1c29
  SwiftDate: d9827f0e7edfeb8be52882beb67e75c773b634c3

PODFILE CHECKSUM: c1d5440412f4df105d5a0f5e6125c5d0851105fd

COCOAPODS: 1.6.0
