PODS:
  - AMPopTip (3.5.0)
  - BetterSegmentedControl (1.0.1)
  - BubbleTransition (3.0.2)
  - Charts (3.2.1):
    - Charts/Core (= 3.2.1)
  - Charts/Core (3.2.1)
  - MarqueeLabel/Swift (3.2.0)
  - NotificationBannerSwift (1.8.0):
    - MarqueeLabel/Swift (~> 3.2.0)
    - SnapKit (~> 4.0.1)
  - NVActivityIndicatorView (4.4.0):
    - NVActivityIndicatorView/Presenter (= 4.4.0)
  - NVActivityIndicatorView/Presenter (4.4.0)
  - SkyFloatingLabelTextField (3.6.0)
  - SnapKit (4.0.1)
  - SwiftDate (5.0.4)
  - SwiftLint (0.30.1)

DEPENDENCIES:
  - AMPopTip (= 3.5.0)
  - BetterSegmentedControl (= 1.0.1)
  - BubbleTransition (= 3.0.2)
  - Charts (= 3.2.1)
  - NotificationBannerSwift (= 1.8.0)
  - NVActivityIndicatorView (= 4.4.0)
  - SkyFloatingLabelTextField (= 3.6.0)
  - SwiftDate (= 5.0.4)
  - SwiftLint

SPEC REPOS:
  https://github.com/CocoaPods/Specs.git:
    - AMPopTip
    - BetterSegmentedControl
    - BubbleTransition
    - Charts
    - MarqueeLabel
    - NotificationBannerSwift
    - NVActivityIndicatorView
    - SkyFloatingLabelTextField
    - SnapKit
    - SwiftDate
    - SwiftLint

SPEC CHECKSUMS:
  AMPopTip: 871ae0570b68fe396e714922b3f7d8ed6a36bb71
  BetterSegmentedControl: 8cac1f243b5cc747f44c9da655c975d5322243fa
  BubbleTransition: 6bdf7d8af460b5c3696beb0adbf4bcb17176ee11
  Charts: f122fb70b19847fa5817d018b77d6c5a2296ab25
  MarqueeLabel: 440a502b91a9179bd98f9fff00ba1150650a1c0e
  NotificationBannerSwift: 49fc4be7fabada55b189b50e72184c92edd5f7f7
  NVActivityIndicatorView: ec7440a57af2450319d3a4181cca7da6fc127064
  SkyFloatingLabelTextField: 38164979b79512f9ff9288ad8acfc4bbf5d843e3
  SnapKit: 0de968a9fec17499afa29683b05d0c775b6d1c29
  SwiftDate: d9827f0e7edfeb8be52882beb67e75c773b634c3
  SwiftLint: a54bf1fe12b55c68560eb2a7689dfc81458508f7

PODFILE CHECKSUM: 15cffc7111a818a795112b8a63f0af3ab2036173

COCOAPODS: 1.10.0
